
Microsoft Visual Studio Solution File, Format Version 12.00
# Visual Studio Version 17
VisualStudioVersion = 17.10.34928.147
MinimumVisualStudioVersion = 10.0.40219.1
Project("{9A19103F-16F7-4668-BE54-9A1E7A4F7556}") = "HandySerialization", "HandySerialization\HandySerialization.csproj", "{581A9A7A-1448-49D3-ACB4-B8B5032226DB}"
EndProject
Project("{FAE04EC0-301F-11D3-BF4B-00C04F79EFBC}") = "HandySerialization.Tests", "HandySerialization.Tests\HandySerialization.Tests.csproj", "{14FE3E74-1038-448E-98BC-D2A6DEC32B19}"
EndProject
Global
	GlobalSection(SolutionConfigurationPlatforms) = preSolution
		Debug|Any CPU = Debug|Any CPU
		Release|Any CPU = Release|Any CPU
	EndGlobalSection
	GlobalSection(ProjectConfigurationPlatforms) = postSolution
		{581A9A7A-1448-49D3-ACB4-B8B5032226DB}.Debug|Any CPU.ActiveCfg = Debug|Any CPU
		{581A9A7A-1448-49D3-ACB4-B8B5032226DB}.Debug|Any CPU.Build.0 = Debug|Any CPU
		{581A9A7A-1448-49D3-ACB4-B8B5032226DB}.Release|Any CPU.ActiveCfg = Release|Any CPU
		{581A9A7A-1448-49D3-ACB4-B8B5032226DB}.Release|Any CPU.Build.0 = Release|Any CPU
		{14FE3E74-1038-448E-98BC-D2A6DEC32B19}.Debug|Any CPU.ActiveCfg = Debug|Any CPU
		{14FE3E74-1038-448E-98BC-D2A6DEC32B19}.Debug|Any CPU.Build.0 = Debug|Any CPU
		{14FE3E74-1038-448E-98BC-D2A6DEC32B19}.Release|Any CPU.ActiveCfg = Release|Any CPU
		{14FE3E74-1038-448E-98BC-D2A6DEC32B19}.Release|Any CPU.Build.0 = Release|Any CPU
	EndGlobalSection
	GlobalSection(SolutionProperties) = preSolution
		HideSolutionNode = FALSE
	EndGlobalSection
	GlobalSection(ExtensibilityGlobals) = postSolution
		SolutionGuid = {C0585A19-2856-48E7-9B55-06FB5FA18805}
	EndGlobalSection
EndGlobal
